
Microsoft Visual Studio Solution File, Format Version 12.00
# Visual Studio Express 2013 for Windows Desktop
VisualStudioVersion = 12.0.31101.0
MinimumVisualStudioVersion = 10.0.40219.1
Project("{FAE04EC0-301F-11D3-BF4B-00C04F79EFBC}") = "Common", "Common\Common.csproj", "{C7505458-4644-40C8-8687-610B95F8AF9F}"
EndProject
Project("{FAE04EC0-301F-11D3-BF4B-00C04F79EFBC}") = "Console Robot", "Console Robot\Console Robot.csproj", "{22042287-8B43-4304-99A7-694F685D3579}"
EndProject
Project("{FAE04EC0-301F-11D3-BF4B-00C04F79EFBC}") = "CommonTest", "CommonTest\CommonTest.csproj", "{1F20F934-B631-4003-AB49-DCE1949CAB7F}"
EndProject
Global
	GlobalSection(SolutionConfigurationPlatforms) = preSolution
		Debug|Any CPU = Debug|Any CPU
		Release|Any CPU = Release|Any CPU
	EndGlobalSection
	GlobalSection(ProjectConfigurationPlatforms) = postSolution
		{C7505458-4644-40C8-8687-610B95F8AF9F}.Debug|Any CPU.ActiveCfg = Debug|Any CPU
		{C7505458-4644-40C8-8687-610B95F8AF9F}.Debug|Any CPU.Build.0 = Debug|Any CPU
		{C7505458-4644-40C8-8687-610B95F8AF9F}.Release|Any CPU.ActiveCfg = Release|Any CPU
		{C7505458-4644-40C8-8687-610B95F8AF9F}.Release|Any CPU.Build.0 = Release|Any CPU
		{22042287-8B43-4304-99A7-694F685D3579}.Debug|Any CPU.ActiveCfg = Debug|Any CPU
		{22042287-8B43-4304-99A7-694F685D3579}.Debug|Any CPU.Build.0 = Debug|Any CPU
		{22042287-8B43-4304-99A7-694F685D3579}.Release|Any CPU.ActiveCfg = Release|Any CPU
		{22042287-8B43-4304-99A7-694F685D3579}.Release|Any CPU.Build.0 = Release|Any CPU
		{1F20F934-B631-4003-AB49-DCE1949CAB7F}.Debug|Any CPU.ActiveCfg = Debug|Any CPU
		{1F20F934-B631-4003-AB49-DCE1949CAB7F}.Debug|Any CPU.Build.0 = Debug|Any CPU
		{1F20F934-B631-4003-AB49-DCE1949CAB7F}.Release|Any CPU.ActiveCfg = Release|Any CPU
		{1F20F934-B631-4003-AB49-DCE1949CAB7F}.Release|Any CPU.Build.0 = Release|Any CPU
	EndGlobalSection
	GlobalSection(SolutionProperties) = preSolution
		HideSolutionNode = FALSE
	EndGlobalSection
EndGlobal
